// !$*UTF8*$!
{
	archiveVersion = 1;
	classes = {
	};
	objectVersion = 56;
	objects = {

/* Begin PBXBuildFile section */
		9B247E3329A203C100CEE0C9 /* ContactsViewController.swift in Sources */ = {isa = PBXBuildFile; fileRef = 9B247E3229A203C100CEE0C9 /* ContactsViewController.swift */; };
		9B7C645929A0EE67005E0B99 /* AboutMeViewController.swift in Sources */ = {isa = PBXBuildFile; fileRef = 9B7C645829A0EE67005E0B99 /* AboutMeViewController.swift */; };
		9B7C645D29A11515005E0B99 /* MoreInfoViewController.swift in Sources */ = {isa = PBXBuildFile; fileRef = 9B7C645C29A11515005E0B99 /* MoreInfoViewController.swift */; };
		9B7C645F29A1287D005E0B99 /* TabBarViewController.swift in Sources */ = {isa = PBXBuildFile; fileRef = 9B7C645E29A1287D005E0B99 /* TabBarViewController.swift */; };
		9B904796299979C7004A9484 /* AppDelegate.swift in Sources */ = {isa = PBXBuildFile; fileRef = 9B904795299979C7004A9484 /* AppDelegate.swift */; };
		9B904798299979C7004A9484 /* SceneDelegate.swift in Sources */ = {isa = PBXBuildFile; fileRef = 9B904797299979C7004A9484 /* SceneDelegate.swift */; };
		9B90479A299979C7004A9484 /* LoginViewController.swift in Sources */ = {isa = PBXBuildFile; fileRef = 9B904799299979C7004A9484 /* LoginViewController.swift */; };
		9B90479D299979C7004A9484 /* Main.storyboard in Resources */ = {isa = PBXBuildFile; fileRef = 9B90479B299979C7004A9484 /* Main.storyboard */; };
		9B90479F299979C8004A9484 /* Assets.xcassets in Resources */ = {isa = PBXBuildFile; fileRef = 9B90479E299979C8004A9484 /* Assets.xcassets */; };
		9B9047A2299979C8004A9484 /* LaunchScreen.storyboard in Resources */ = {isa = PBXBuildFile; fileRef = 9B9047A0299979C8004A9484 /* LaunchScreen.storyboard */; };
		9BB22E35299A8FB700144715 /* WelcomeViewController.swift in Sources */ = {isa = PBXBuildFile; fileRef = 9BB22E34299A8FB700144715 /* WelcomeViewController.swift */; };
		9BF2EF5C299EA41E0045707B /* User.swift in Sources */ = {isa = PBXBuildFile; fileRef = 9BF2EF5B299EA41E0045707B /* User.swift */; };
/* End PBXBuildFile section */

/* Begin PBXFileReference section */
		9B247E3229A203C100CEE0C9 /* ContactsViewController.swift */ = {isa = PBXFileReference; lastKnownFileType = sourcecode.swift; path = ContactsViewController.swift; sourceTree = "<group>"; };
		9B7C645829A0EE67005E0B99 /* AboutMeViewController.swift */ = {isa = PBXFileReference; lastKnownFileType = sourcecode.swift; path = AboutMeViewController.swift; sourceTree = "<group>"; };
		9B7C645C29A11515005E0B99 /* MoreInfoViewController.swift */ = {isa = PBXFileReference; lastKnownFileType = sourcecode.swift; path = MoreInfoViewController.swift; sourceTree = "<group>"; };
		9B7C645E29A1287D005E0B99 /* TabBarViewController.swift */ = {isa = PBXFileReference; lastKnownFileType = sourcecode.swift; path = TabBarViewController.swift; sourceTree = "<group>"; };
		9B904792299979C7004A9484 /* LoginApp.app */ = {isa = PBXFileReference; explicitFileType = wrapper.application; includeInIndex = 0; path = LoginApp.app; sourceTree = BUILT_PRODUCTS_DIR; };
		9B904795299979C7004A9484 /* AppDelegate.swift */ = {isa = PBXFileReference; lastKnownFileType = sourcecode.swift; path = AppDelegate.swift; sourceTree = "<group>"; };
		9B904797299979C7004A9484 /* SceneDelegate.swift */ = {isa = PBXFileReference; lastKnownFileType = sourcecode.swift; path = SceneDelegate.swift; sourceTree = "<group>"; };
		9B904799299979C7004A9484 /* LoginViewController.swift */ = {isa = PBXFileReference; lastKnownFileType = sourcecode.swift; path = LoginViewController.swift; sourceTree = "<group>"; };
		9B90479C299979C7004A9484 /* Base */ = {isa = PBXFileReference; lastKnownFileType = file.storyboard; name = Base; path = Base.lproj/Main.storyboard; sourceTree = "<group>"; };
		9B90479E299979C8004A9484 /* Assets.xcassets */ = {isa = PBXFileReference; lastKnownFileType = folder.assetcatalog; path = Assets.xcassets; sourceTree = "<group>"; };
		9B9047A1299979C8004A9484 /* Base */ = {isa = PBXFileReference; lastKnownFileType = file.storyboard; name = Base; path = Base.lproj/LaunchScreen.storyboard; sourceTree = "<group>"; };
		9B9047A3299979C8004A9484 /* Info.plist */ = {isa = PBXFileReference; lastKnownFileType = text.plist.xml; path = Info.plist; sourceTree = "<group>"; };
		9BB22E34299A8FB700144715 /* WelcomeViewController.swift */ = {isa = PBXFileReference; lastKnownFileType = sourcecode.swift; path = WelcomeViewController.swift; sourceTree = "<group>"; };
		9BF2EF5B299EA41E0045707B /* User.swift */ = {isa = PBXFileReference; lastKnownFileType = sourcecode.swift; path = User.swift; sourceTree = "<group>"; };
/* End PBXFileReference section */

/* Begin PBXFrameworksBuildPhase section */
		9B90478F299979C7004A9484 /* Frameworks */ = {
			isa = PBXFrameworksBuildPhase;
			buildActionMask = 2147483647;
			files = (
			);
			runOnlyForDeploymentPostprocessing = 0;
		};
/* End PBXFrameworksBuildPhase section */

/* Begin PBXGroup section */
		9B904789299979C7004A9484 = {
			isa = PBXGroup;
			children = (
				9B904794299979C7004A9484 /* LoginApp */,
				9B904793299979C7004A9484 /* Products */,
			);
			sourceTree = "<group>";
		};
		9B904793299979C7004A9484 /* Products */ = {
			isa = PBXGroup;
			children = (
				9B904792299979C7004A9484 /* LoginApp.app */,
			);
			name = Products;
			sourceTree = "<group>";
		};
		9B904794299979C7004A9484 /* LoginApp */ = {
			isa = PBXGroup;
			children = (
				9BF2EF5A299E9DE30045707B /* Models */,
				9BF2EF57299E9D820045707B /* ViewControllers */,
				9BF2EF59299E9DCE0045707B /* Storyboards */,
				9BF2EF58299E9D9C0045707B /* App */,
				9B90479E299979C8004A9484 /* Assets.xcassets */,
			);
			path = LoginApp;
			sourceTree = "<group>";
		};
		9BF2EF57299E9D820045707B /* ViewControllers */ = {
			isa = PBXGroup;
			children = (
				9B904799299979C7004A9484 /* LoginViewController.swift */,
				9BB22E34299A8FB700144715 /* WelcomeViewController.swift */,
				9B7C645829A0EE67005E0B99 /* AboutMeViewController.swift */,
				9B7C645C29A11515005E0B99 /* MoreInfoViewController.swift */,
				9B247E3229A203C100CEE0C9 /* ContactsViewController.swift */,
				9B7C645E29A1287D005E0B99 /* TabBarViewController.swift */,
			);
			path = ViewControllers;
			sourceTree = "<group>";
		};
		9BF2EF58299E9D9C0045707B /* App */ = {
			isa = PBXGroup;
			children = (
				9B904795299979C7004A9484 /* AppDelegate.swift */,
				9B904797299979C7004A9484 /* SceneDelegate.swift */,
				9B9047A3299979C8004A9484 /* Info.plist */,
			);
			path = App;
			sourceTree = "<group>";
		};
		9BF2EF59299E9DCE0045707B /* Storyboards */ = {
			isa = PBXGroup;
			children = (
				9B90479B299979C7004A9484 /* Main.storyboard */,
				9B9047A0299979C8004A9484 /* LaunchScreen.storyboard */,
			);
			path = Storyboards;
			sourceTree = "<group>";
		};
		9BF2EF5A299E9DE30045707B /* Models */ = {
			isa = PBXGroup;
			children = (
				9BF2EF5B299EA41E0045707B /* User.swift */,
			);
			path = Models;
			sourceTree = "<group>";
		};
/* End PBXGroup section */

/* Begin PBXNativeTarget section */
		9B904791299979C7004A9484 /* LoginApp */ = {
			isa = PBXNativeTarget;
			buildConfigurationList = 9B9047A6299979C8004A9484 /* Build configuration list for PBXNativeTarget "LoginApp" */;
			buildPhases = (
				9B90478E299979C7004A9484 /* Sources */,
				9B90478F299979C7004A9484 /* Frameworks */,
				9B904790299979C7004A9484 /* Resources */,
			);
			buildRules = (
			);
			dependencies = (
			);
			name = LoginApp;
			productName = LoginApp;
			productReference = 9B904792299979C7004A9484 /* LoginApp.app */;
			productType = "com.apple.product-type.application";
		};
/* End PBXNativeTarget section */

/* Begin PBXProject section */
		9B90478A299979C7004A9484 /* Project object */ = {
			isa = PBXProject;
			attributes = {
				BuildIndependentTargetsInParallel = 1;
				LastSwiftUpdateCheck = 1410;
				LastUpgradeCheck = 1410;
				TargetAttributes = {
					9B904791299979C7004A9484 = {
						CreatedOnToolsVersion = 14.1;
					};
				};
			};
			buildConfigurationList = 9B90478D299979C7004A9484 /* Build configuration list for PBXProject "LoginApp" */;
			compatibilityVersion = "Xcode 14.0";
			developmentRegion = en;
			hasScannedForEncodings = 0;
			knownRegions = (
				en,
				Base,
			);
			mainGroup = 9B904789299979C7004A9484;
			productRefGroup = 9B904793299979C7004A9484 /* Products */;
			projectDirPath = "";
			projectRoot = "";
			targets = (
				9B904791299979C7004A9484 /* LoginApp */,
			);
		};
/* End PBXProject section */

/* Begin PBXResourcesBuildPhase section */
		9B904790299979C7004A9484 /* Resources */ = {
			isa = PBXResourcesBuildPhase;
			buildActionMask = 2147483647;
			files = (
				9B9047A2299979C8004A9484 /* LaunchScreen.storyboard in Resources */,
				9B90479F299979C8004A9484 /* Assets.xcassets in Resources */,
				9B90479D299979C7004A9484 /* Main.storyboard in Resources */,
			);
			runOnlyForDeploymentPostprocessing = 0;
		};
/* End PBXResourcesBuildPhase section */

/* Begin PBXSourcesBuildPhase section */
		9B90478E299979C7004A9484 /* Sources */ = {
			isa = PBXSourcesBuildPhase;
			buildActionMask = 2147483647;
			files = (
				9B7C645F29A1287D005E0B99 /* TabBarViewController.swift in Sources */,
				9B90479A299979C7004A9484 /* LoginViewController.swift in Sources */,
				9B904796299979C7004A9484 /* AppDelegate.swift in Sources */,
				9B904798299979C7004A9484 /* SceneDelegate.swift in Sources */,
				9B7C645D29A11515005E0B99 /* MoreInfoViewController.swift in Sources */,
				9B247E3329A203C100CEE0C9 /* ContactsViewController.swift in Sources */,
				9BF2EF5C299EA41E0045707B /* User.swift in Sources */,
				9B7C645929A0EE67005E0B99 /* AboutMeViewController.swift in Sources */,
				9BB22E35299A8FB700144715 /* WelcomeViewController.swift in Sources */,
			);
			runOnlyForDeploymentPostprocessing = 0;
		};
/* End PBXSourcesBuildPhase section */

/* Begin PBXVariantGroup section */
		9B90479B299979C7004A9484 /* Main.storyboard */ = {
			isa = PBXVariantGroup;
			children = (
				9B90479C299979C7004A9484 /* Base */,
			);
			name = Main.storyboard;
			sourceTree = "<group>";
		};
		9B9047A0299979C8004A9484 /* LaunchScreen.storyboard */ = {
			isa = PBXVariantGroup;
			children = (
				9B9047A1299979C8004A9484 /* Base */,
			);
			name = LaunchScreen.storyboard;
			sourceTree = "<group>";
		};
/* End PBXVariantGroup section */

/* Begin XCBuildConfiguration section */
		9B9047A4299979C8004A9484 /* Debug */ = {
			isa = XCBuildConfiguration;
			buildSettings = {
				ALWAYS_SEARCH_USER_PATHS = NO;
				CLANG_ANALYZER_NONNULL = YES;
				CLANG_ANALYZER_NUMBER_OBJECT_CONVERSION = YES_AGGRESSIVE;
				CLANG_CXX_LANGUAGE_STANDARD = "gnu++20";
				CLANG_ENABLE_MODULES = YES;
				CLANG_ENABLE_OBJC_ARC = YES;
				CLANG_ENABLE_OBJC_WEAK = YES;
				CLANG_WARN_BLOCK_CAPTURE_AUTORELEASING = YES;
				CLANG_WARN_BOOL_CONVERSION = YES;
				CLANG_WARN_COMMA = YES;
				CLANG_WARN_CONSTANT_CONVERSION = YES;
				CLANG_WARN_DEPRECATED_OBJC_IMPLEMENTATIONS = YES;
				CLANG_WARN_DIRECT_OBJC_ISA_USAGE = YES_ERROR;
				CLANG_WARN_DOCUMENTATION_COMMENTS = YES;
				CLANG_WARN_EMPTY_BODY = YES;
				CLANG_WARN_ENUM_CONVERSION = YES;
				CLANG_WARN_INFINITE_RECURSION = YES;
				CLANG_WARN_INT_CONVERSION = YES;
				CLANG_WARN_NON_LITERAL_NULL_CONVERSION = YES;
				CLANG_WARN_OBJC_IMPLICIT_RETAIN_SELF = YES;
				CLANG_WARN_OBJC_LITERAL_CONVERSION = YES;
				CLANG_WARN_OBJC_ROOT_CLASS = YES_ERROR;
				CLANG_WARN_QUOTED_INCLUDE_IN_FRAMEWORK_HEADER = YES;
				CLANG_WARN_RANGE_LOOP_ANALYSIS = YES;
				CLANG_WARN_STRICT_PROTOTYPES = YES;
				CLANG_WARN_SUSPICIOUS_MOVE = YES;
				CLANG_WARN_UNGUARDED_AVAILABILITY = YES_AGGRESSIVE;
				CLANG_WARN_UNREACHABLE_CODE = YES;
				CLANG_WARN__DUPLICATE_METHOD_MATCH = YES;
				COPY_PHASE_STRIP = NO;
				DEBUG_INFORMATION_FORMAT = dwarf;
				ENABLE_STRICT_OBJC_MSGSEND = YES;
				ENABLE_TESTABILITY = YES;
				GCC_C_LANGUAGE_STANDARD = gnu11;
				GCC_DYNAMIC_NO_PIC = NO;
				GCC_NO_COMMON_BLOCKS = YES;
				GCC_OPTIMIZATION_LEVEL = 0;
				GCC_PREPROCESSOR_DEFINITIONS = (
					"DEBUG=1",
					"$(inherited)",
				);
				GCC_WARN_64_TO_32_BIT_CONVERSION = YES;
				GCC_WARN_ABOUT_RETURN_TYPE = YES_ERROR;
				GCC_WARN_UNDECLARED_SELECTOR = YES;
				GCC_WARN_UNINITIALIZED_AUTOS = YES_AGGRESSIVE;
				GCC_WARN_UNUSED_FUNCTION = YES;
				GCC_WARN_UNUSED_VARIABLE = YES;
				IPHONEOS_DEPLOYMENT_TARGET = 16.1;
				MTL_ENABLE_DEBUG_INFO = INCLUDE_SOURCE;
				MTL_FAST_MATH = YES;
				ONLY_ACTIVE_ARCH = YES;
				SDKROOT = iphoneos;
				SWIFT_ACTIVE_COMPILATION_CONDITIONS = DEBUG;
				SWIFT_OPTIMIZATION_LEVEL = "-Onone";
			};
			name = Debug;
		};
		9B9047A5299979C8004A9484 /* Release */ = {
			isa = XCBuildConfiguration;
			buildSettings = {
				ALWAYS_SEARCH_USER_PATHS = NO;
				CLANG_ANALYZER_NONNULL = YES;
				CLANG_ANALYZER_NUMBER_OBJECT_CONVERSION = YES_AGGRESSIVE;
				CLANG_CXX_LANGUAGE_STANDARD = "gnu++20";
				CLANG_ENABLE_MODULES = YES;
				CLANG_ENABLE_OBJC_ARC = YES;
				CLANG_ENABLE_OBJC_WEAK = YES;
				CLANG_WARN_BLOCK_CAPTURE_AUTORELEASING = YES;
				CLANG_WARN_BOOL_CONVERSION = YES;
				CLANG_WARN_COMMA = YES;
				CLANG_WARN_CONSTANT_CONVERSION = YES;
				CLANG_WARN_DEPRECATED_OBJC_IMPLEMENTATIONS = YES;
				CLANG_WARN_DIRECT_OBJC_ISA_USAGE = YES_ERROR;
				CLANG_WARN_DOCUMENTATION_COMMENTS = YES;
				CLANG_WARN_EMPTY_BODY = YES;
				CLANG_WARN_ENUM_CONVERSION = YES;
				CLANG_WARN_INFINITE_RECURSION = YES;
				CLANG_WARN_INT_CONVERSION = YES;
				CLANG_WARN_NON_LITERAL_NULL_CONVERSION = YES;
				CLANG_WARN_OBJC_IMPLICIT_RETAIN_SELF = YES;
				CLANG_WARN_OBJC_LITERAL_CONVERSION = YES;
				CLANG_WARN_OBJC_ROOT_CLASS = YES_ERROR;
				CLANG_WARN_QUOTED_INCLUDE_IN_FRAMEWORK_HEADER = YES;
				CLANG_WARN_RANGE_LOOP_ANALYSIS = YES;
				CLANG_WARN_STRICT_PROTOTYPES = YES;
				CLANG_WARN_SUSPICIOUS_MOVE = YES;
				CLANG_WARN_UNGUARDED_AVAILABILITY = YES_AGGRESSIVE;
				CLANG_WARN_UNREACHABLE_CODE = YES;
				CLANG_WARN__DUPLICATE_METHOD_MATCH = YES;
				COPY_PHASE_STRIP = NO;
				DEBUG_INFORMATION_FORMAT = "dwarf-with-dsym";
				ENABLE_NS_ASSERTIONS = NO;
				ENABLE_STRICT_OBJC_MSGSEND = YES;
				GCC_C_LANGUAGE_STANDARD = gnu11;
				GCC_NO_COMMON_BLOCKS = YES;
				GCC_WARN_64_TO_32_BIT_CONVERSION = YES;
				GCC_WARN_ABOUT_RETURN_TYPE = YES_ERROR;
				GCC_WARN_UNDECLARED_SELECTOR = YES;
				GCC_WARN_UNINITIALIZED_AUTOS = YES_AGGRESSIVE;
				GCC_WARN_UNUSED_FUNCTION = YES;
				GCC_WARN_UNUSED_VARIABLE = YES;
				IPHONEOS_DEPLOYMENT_TARGET = 16.1;
				MTL_ENABLE_DEBUG_INFO = NO;
				MTL_FAST_MATH = YES;
				SDKROOT = iphoneos;
				SWIFT_COMPILATION_MODE = wholemodule;
				SWIFT_OPTIMIZATION_LEVEL = "-O";
				VALIDATE_PRODUCT = YES;
			};
			name = Release;
		};
		9B9047A7299979C8004A9484 /* Debug */ = {
			isa = XCBuildConfiguration;
			buildSettings = {
				ASSETCATALOG_COMPILER_APPICON_NAME = AppIcon;
				ASSETCATALOG_COMPILER_GLOBAL_ACCENT_COLOR_NAME = AccentColor;
				CODE_SIGN_STYLE = Automatic;
				CURRENT_PROJECT_VERSION = 1;
				DEVELOPMENT_TEAM = 82LJBH6Q35;
				GENERATE_INFOPLIST_FILE = YES;
				INFOPLIST_FILE = LoginApp/App/Info.plist;
				INFOPLIST_KEY_UIApplicationSupportsIndirectInputEvents = YES;
				INFOPLIST_KEY_UILaunchStoryboardName = LaunchScreen;
				INFOPLIST_KEY_UIMainStoryboardFile = Main;
				INFOPLIST_KEY_UISupportedInterfaceOrientations = UIInterfaceOrientationPortrait;
				INFOPLIST_KEY_UISupportedInterfaceOrientations_iPad = "UIInterfaceOrientationLandscapeLeft UIInterfaceOrientationLandscapeRight UIInterfaceOrientationPortrait UIInterfaceOrientationPortraitUpsideDown";
				IPHONEOS_DEPLOYMENT_TARGET = 16.1;
				LD_RUNPATH_SEARCH_PATHS = (
					"$(inherited)",
					"@executable_path/Frameworks",
				);
				MARKETING_VERSION = 1.0;
				PRODUCT_BUNDLE_IDENTIFIER = ant.kzmn.LoginApp;
				PRODUCT_NAME = "$(TARGET_NAME)";
				SUPPORTED_PLATFORMS = "iphoneos iphonesimulator";
				SUPPORTS_MACCATALYST = NO;
				SUPPORTS_MAC_DESIGNED_FOR_IPHONE_IPAD = NO;
				SWIFT_EMIT_LOC_STRINGS = YES;
				SWIFT_VERSION = 5.0;
				TARGETED_DEVICE_FAMILY = 1;
			};
			name = Debug;
		};
		9B9047A8299979C8004A9484 /* Release */ = {
			isa = XCBuildConfiguration;
			buildSettings = {
				ASSETCATALOG_COMPILER_APPICON_NAME = AppIcon;
				ASSETCATALOG_COMPILER_GLOBAL_ACCENT_COLOR_NAME = AccentColor;
				CODE_SIGN_STYLE = Automatic;
				CURRENT_PROJECT_VERSION = 1;
				DEVELOPMENT_TEAM = 82LJBH6Q35;
				GENERATE_INFOPLIST_FILE = YES;
				INFOPLIST_FILE = LoginApp/App/Info.plist;
				INFOPLIST_KEY_UIApplicationSupportsIndirectInputEvents = YES;
				INFOPLIST_KEY_UILaunchStoryboardName = LaunchScreen;
				INFOPLIST_KEY_UIMainStoryboardFile = Main;
				INFOPLIST_KEY_UISupportedInterfaceOrientations = UIInterfaceOrientationPortrait;
				INFOPLIST_KEY_UISupportedInterfaceOrientations_iPad = "UIInterfaceOrientationLandscapeLeft UIInterfaceOrientationLandscapeRight UIInterfaceOrientationPortrait UIInterfaceOrientationPortraitUpsideDown";
				IPHONEOS_DEPLOYMENT_TARGET = 16.1;
				LD_RUNPATH_SEARCH_PATHS = (
					"$(inherited)",
					"@executable_path/Frameworks",
				);
				MARKETING_VERSION = 1.0;
				PRODUCT_BUNDLE_IDENTIFIER = ant.kzmn.LoginApp;
				PRODUCT_NAME = "$(TARGET_NAME)";
				SUPPORTED_PLATFORMS = "iphoneos iphonesimulator";
				SUPPORTS_MACCATALYST = NO;
				SUPPORTS_MAC_DESIGNED_FOR_IPHONE_IPAD = NO;
				SWIFT_EMIT_LOC_STRINGS = YES;
				SWIFT_VERSION = 5.0;
				TARGETED_DEVICE_FAMILY = 1;
			};
			name = Release;
		};
/* End XCBuildConfiguration section */

/* Begin XCConfigurationList section */
		9B90478D299979C7004A9484 /* Build configuration list for PBXProject "LoginApp" */ = {
			isa = XCConfigurationList;
			buildConfigurations = (
				9B9047A4299979C8004A9484 /* Debug */,
				9B9047A5299979C8004A9484 /* Release */,
			);
			defaultConfigurationIsVisible = 0;
			defaultConfigurationName = Release;
		};
		9B9047A6299979C8004A9484 /* Build configuration list for PBXNativeTarget "LoginApp" */ = {
			isa = XCConfigurationList;
			buildConfigurations = (
				9B9047A7299979C8004A9484 /* Debug */,
				9B9047A8299979C8004A9484 /* Release */,
			);
			defaultConfigurationIsVisible = 0;
			defaultConfigurationName = Release;
		};
/* End XCConfigurationList section */
	};
	rootObject = 9B90478A299979C7004A9484 /* Project object */;
}
